
Microsoft Visual Studio Solution File, Format Version 12.00
# Visual Studio 15
VisualStudioVersion = 15.0.28307.1382
MinimumVisualStudioVersion = 10.0.40219.1
Project("{FAE04EC0-301F-11D3-BF4B-00C04F79EFBC}") = "ConsoleApp3", "ConsoleApp3\ConsoleApp3.csproj", "{311A0FB0-0F1E-4585-A11C-6E0C49D16753}"
EndProject
Global
	GlobalSection(SolutionConfigurationPlatforms) = preSolution
		Debug|Any CPU = Debug|Any CPU
		Release|Any CPU = Release|Any CPU
	EndGlobalSection
	GlobalSection(ProjectConfigurationPlatforms) = postSolution
		{311A0FB0-0F1E-4585-A11C-6E0C49D16753}.Debug|Any CPU.ActiveCfg = Debug|Any CPU
		{311A0FB0-0F1E-4585-A11C-6E0C49D16753}.Debug|Any CPU.Build.0 = Debug|Any CPU
		{311A0FB0-0F1E-4585-A11C-6E0C49D16753}.Release|Any CPU.ActiveCfg = Release|Any CPU
		{311A0FB0-0F1E-4585-A11C-6E0C49D16753}.Release|Any CPU.Build.0 = Release|Any CPU
	EndGlobalSection
	GlobalSection(SolutionProperties) = preSolution
		HideSolutionNode = FALSE
	EndGlobalSection
	GlobalSection(ExtensibilityGlobals) = postSolution
		SolutionGuid = {C83D45A9-26AD-41D9-BCBE-B8E453B45AAE}
	EndGlobalSection
EndGlobal
